
Microsoft Visual Studio Solution File, Format Version 11.00
# Visual Studio 2010
Project("{2150E333-8FDC-42A3-9474-1A3956D46DE8}") = "Solution Items", "Solution Items", "{3A5C906E-AFEB-4E02-BD01-490A2E73BAD2}"
	ProjectSection(SolutionItems) = preProject
		CustomDictionary.xml = CustomDictionary.xml
		Readme.txt = Readme.txt
	EndProjectSection
EndProject
Project("{FAE04EC0-301F-11D3-BF4B-00C04F79EFBC}") = "ExpressionTester2005", "ExpressionTester\ExpressionTester2005.csproj", "{5B99FCCA-5191-4309-ABD6-6CDCE43C10F9}"
EndProject
Project("{FAE04EC0-301F-11D3-BF4B-00C04F79EFBC}") = "ExpressionEditor2005", "ExpressionEditor\ExpressionEditor2005.csproj", "{7AB5FDFF-4AF9-4F20-8AEF-FC9B1F82B4CC}"
EndProject
Project("{FAE04EC0-301F-11D3-BF4B-00C04F79EFBC}") = "PackageTest2005", "PackageTest\PackageTest2005.csproj", "{BE02D6C5-2FFD-4727-B9B9-B0B43A51D162}"
EndProject
Global
	GlobalSection(SolutionConfigurationPlatforms) = preSolution
		Debug|Any CPU = Debug|Any CPU
		Release|Any CPU = Release|Any CPU
	EndGlobalSection
	GlobalSection(ProjectConfigurationPlatforms) = postSolution
		{5B99FCCA-5191-4309-ABD6-6CDCE43C10F9}.Debug|Any CPU.ActiveCfg = Debug|Any CPU
		{5B99FCCA-5191-4309-ABD6-6CDCE43C10F9}.Debug|Any CPU.Build.0 = Debug|Any CPU
		{5B99FCCA-5191-4309-ABD6-6CDCE43C10F9}.Release|Any CPU.ActiveCfg = Release|Any CPU
		{5B99FCCA-5191-4309-ABD6-6CDCE43C10F9}.Release|Any CPU.Build.0 = Release|Any CPU
		{7AB5FDFF-4AF9-4F20-8AEF-FC9B1F82B4CC}.Debug|Any CPU.ActiveCfg = Debug|Any CPU
		{7AB5FDFF-4AF9-4F20-8AEF-FC9B1F82B4CC}.Debug|Any CPU.Build.0 = Debug|Any CPU
		{7AB5FDFF-4AF9-4F20-8AEF-FC9B1F82B4CC}.Release|Any CPU.ActiveCfg = Release|Any CPU
		{7AB5FDFF-4AF9-4F20-8AEF-FC9B1F82B4CC}.Release|Any CPU.Build.0 = Release|Any CPU
		{BE02D6C5-2FFD-4727-B9B9-B0B43A51D162}.Debug|Any CPU.ActiveCfg = Debug|Any CPU
		{BE02D6C5-2FFD-4727-B9B9-B0B43A51D162}.Debug|Any CPU.Build.0 = Debug|Any CPU
		{BE02D6C5-2FFD-4727-B9B9-B0B43A51D162}.Release|Any CPU.ActiveCfg = Release|Any CPU
		{BE02D6C5-2FFD-4727-B9B9-B0B43A51D162}.Release|Any CPU.Build.0 = Release|Any CPU
	EndGlobalSection
	GlobalSection(SolutionProperties) = preSolution
		HideSolutionNode = FALSE
	EndGlobalSection
	GlobalSection(ExtensibilityGlobals) = postSolution
		VisualSVNWorkingCopyRoot = .
	EndGlobalSection
EndGlobal
